
Microsoft Visual Studio Solution File, Format Version 12.00
# Visual Studio 15
VisualStudioVersion = 15.0.26124.0
MinimumVisualStudioVersion = 15.0.26124.0
Project("{FAE04EC0-301F-11D3-BF4B-00C04F79EFBC}") = "Domain", "Domain\Domain.csproj", "{63DD6096-FF20-42EB-B9EF-1A1EF1600F55}"
EndProject
Project("{FAE04EC0-301F-11D3-BF4B-00C04F79EFBC}") = "Application", "Application\Application.csproj", "{7F7A4451-8AFD-418E-A046-382C261D2E98}"
EndProject
Project("{FAE04EC0-301F-11D3-BF4B-00C04F79EFBC}") = "Persistence", "Persistence\Persistence.csproj", "{4203391F-10DC-4EBF-A47B-12070CF9C5C1}"
EndProject
Project("{FAE04EC0-301F-11D3-BF4B-00C04F79EFBC}") = "API", "API\API.csproj", "{665B74B2-E8B4-45CF-8E9F-67032C3795D5}"
EndProject
Global
	GlobalSection(SolutionConfigurationPlatforms) = preSolution
		Debug|Any CPU = Debug|Any CPU
		Debug|x64 = Debug|x64
		Debug|x86 = Debug|x86
		Release|Any CPU = Release|Any CPU
		Release|x64 = Release|x64
		Release|x86 = Release|x86
	EndGlobalSection
	GlobalSection(SolutionProperties) = preSolution
		HideSolutionNode = FALSE
	EndGlobalSection
	GlobalSection(ProjectConfigurationPlatforms) = postSolution
		{63DD6096-FF20-42EB-B9EF-1A1EF1600F55}.Debug|Any CPU.ActiveCfg = Debug|Any CPU
		{63DD6096-FF20-42EB-B9EF-1A1EF1600F55}.Debug|Any CPU.Build.0 = Debug|Any CPU
		{63DD6096-FF20-42EB-B9EF-1A1EF1600F55}.Debug|x64.ActiveCfg = Debug|Any CPU
		{63DD6096-FF20-42EB-B9EF-1A1EF1600F55}.Debug|x64.Build.0 = Debug|Any CPU
		{63DD6096-FF20-42EB-B9EF-1A1EF1600F55}.Debug|x86.ActiveCfg = Debug|Any CPU
		{63DD6096-FF20-42EB-B9EF-1A1EF1600F55}.Debug|x86.Build.0 = Debug|Any CPU
		{63DD6096-FF20-42EB-B9EF-1A1EF1600F55}.Release|Any CPU.ActiveCfg = Release|Any CPU
		{63DD6096-FF20-42EB-B9EF-1A1EF1600F55}.Release|Any CPU.Build.0 = Release|Any CPU
		{63DD6096-FF20-42EB-B9EF-1A1EF1600F55}.Release|x64.ActiveCfg = Release|Any CPU
		{63DD6096-FF20-42EB-B9EF-1A1EF1600F55}.Release|x64.Build.0 = Release|Any CPU
		{63DD6096-FF20-42EB-B9EF-1A1EF1600F55}.Release|x86.ActiveCfg = Release|Any CPU
		{63DD6096-FF20-42EB-B9EF-1A1EF1600F55}.Release|x86.Build.0 = Release|Any CPU
		{7F7A4451-8AFD-418E-A046-382C261D2E98}.Debug|Any CPU.ActiveCfg = Debug|Any CPU
		{7F7A4451-8AFD-418E-A046-382C261D2E98}.Debug|Any CPU.Build.0 = Debug|Any CPU
		{7F7A4451-8AFD-418E-A046-382C261D2E98}.Debug|x64.ActiveCfg = Debug|Any CPU
		{7F7A4451-8AFD-418E-A046-382C261D2E98}.Debug|x64.Build.0 = Debug|Any CPU
		{7F7A4451-8AFD-418E-A046-382C261D2E98}.Debug|x86.ActiveCfg = Debug|Any CPU
		{7F7A4451-8AFD-418E-A046-382C261D2E98}.Debug|x86.Build.0 = Debug|Any CPU
		{7F7A4451-8AFD-418E-A046-382C261D2E98}.Release|Any CPU.ActiveCfg = Release|Any CPU
		{7F7A4451-8AFD-418E-A046-382C261D2E98}.Release|Any CPU.Build.0 = Release|Any CPU
		{7F7A4451-8AFD-418E-A046-382C261D2E98}.Release|x64.ActiveCfg = Release|Any CPU
		{7F7A4451-8AFD-418E-A046-382C261D2E98}.Release|x64.Build.0 = Release|Any CPU
		{7F7A4451-8AFD-418E-A046-382C261D2E98}.Release|x86.ActiveCfg = Release|Any CPU
		{7F7A4451-8AFD-418E-A046-382C261D2E98}.Release|x86.Build.0 = Release|Any CPU
		{4203391F-10DC-4EBF-A47B-12070CF9C5C1}.Debug|Any CPU.ActiveCfg = Debug|Any CPU
		{4203391F-10DC-4EBF-A47B-12070CF9C5C1}.Debug|Any CPU.Build.0 = Debug|Any CPU
		{4203391F-10DC-4EBF-A47B-12070CF9C5C1}.Debug|x64.ActiveCfg = Debug|Any CPU
		{4203391F-10DC-4EBF-A47B-12070CF9C5C1}.Debug|x64.Build.0 = Debug|Any CPU
		{4203391F-10DC-4EBF-A47B-12070CF9C5C1}.Debug|x86.ActiveCfg = Debug|Any CPU
		{4203391F-10DC-4EBF-A47B-12070CF9C5C1}.Debug|x86.Build.0 = Debug|Any CPU
		{4203391F-10DC-4EBF-A47B-12070CF9C5C1}.Release|Any CPU.ActiveCfg = Release|Any CPU
		{4203391F-10DC-4EBF-A47B-12070CF9C5C1}.Release|Any CPU.Build.0 = Release|Any CPU
		{4203391F-10DC-4EBF-A47B-12070CF9C5C1}.Release|x64.ActiveCfg = Release|Any CPU
		{4203391F-10DC-4EBF-A47B-12070CF9C5C1}.Release|x64.Build.0 = Release|Any CPU
		{4203391F-10DC-4EBF-A47B-12070CF9C5C1}.Release|x86.ActiveCfg = Release|Any CPU
		{4203391F-10DC-4EBF-A47B-12070CF9C5C1}.Release|x86.Build.0 = Release|Any CPU
		{665B74B2-E8B4-45CF-8E9F-67032C3795D5}.Debug|Any CPU.ActiveCfg = Debug|Any CPU
		{665B74B2-E8B4-45CF-8E9F-67032C3795D5}.Debug|Any CPU.Build.0 = Debug|Any CPU
		{665B74B2-E8B4-45CF-8E9F-67032C3795D5}.Debug|x64.ActiveCfg = Debug|Any CPU
		{665B74B2-E8B4-45CF-8E9F-67032C3795D5}.Debug|x64.Build.0 = Debug|Any CPU
		{665B74B2-E8B4-45CF-8E9F-67032C3795D5}.Debug|x86.ActiveCfg = Debug|Any CPU
		{665B74B2-E8B4-45CF-8E9F-67032C3795D5}.Debug|x86.Build.0 = Debug|Any CPU
		{665B74B2-E8B4-45CF-8E9F-67032C3795D5}.Release|Any CPU.ActiveCfg = Release|Any CPU
		{665B74B2-E8B4-45CF-8E9F-67032C3795D5}.Release|Any CPU.Build.0 = Release|Any CPU
		{665B74B2-E8B4-45CF-8E9F-67032C3795D5}.Release|x64.ActiveCfg = Release|Any CPU
		{665B74B2-E8B4-45CF-8E9F-67032C3795D5}.Release|x64.Build.0 = Release|Any CPU
		{665B74B2-E8B4-45CF-8E9F-67032C3795D5}.Release|x86.ActiveCfg = Release|Any CPU
		{665B74B2-E8B4-45CF-8E9F-67032C3795D5}.Release|x86.Build.0 = Release|Any CPU
	EndGlobalSection
EndGlobal
